
Microsoft Visual Studio Solution File, Format Version 12.00
# Visual Studio Version 17
VisualStudioVersion = 17.7.34031.279
MinimumVisualStudioVersion = 10.0.40219.1
Project("{FAE04EC0-301F-11D3-BF4B-00C04F79EFBC}") = "ECommerceApp", "ECommerceApp\ECommerceApp.csproj", "{AB362489-7B19-436A-82A2-539AB68050C3}"
EndProject
Global
	GlobalSection(SolutionConfigurationPlatforms) = preSolution
		Debug|Any CPU = Debug|Any CPU
		Release|Any CPU = Release|Any CPU
	EndGlobalSection
	GlobalSection(ProjectConfigurationPlatforms) = postSolution
		{AB362489-7B19-436A-82A2-539AB68050C3}.Debug|Any CPU.ActiveCfg = Debug|Any CPU
		{AB362489-7B19-436A-82A2-539AB68050C3}.Debug|Any CPU.Build.0 = Debug|Any CPU
		{AB362489-7B19-436A-82A2-539AB68050C3}.Release|Any CPU.ActiveCfg = Release|Any CPU
		{AB362489-7B19-436A-82A2-539AB68050C3}.Release|Any CPU.Build.0 = Release|Any CPU
	EndGlobalSection
	GlobalSection(SolutionProperties) = preSolution
		HideSolutionNode = FALSE
	EndGlobalSection
	GlobalSection(ExtensibilityGlobals) = postSolution
		SolutionGuid = {E7C8CF8C-AE0B-415B-A849-D51F8A2B4E2A}
	EndGlobalSection
EndGlobal
